{
  "object": {
    "pins": [
      {
        "package": "AEPCore",
        "repositoryURL": "https://github.com/adobe/aepsdk-core-ios.git",
        "state": {
          "branch": "main",
          "revision": "785daaed1c2a7553fdbcba9bfc885ae8a50b4702",
          "version": null
        }
      },
      {
        "package": "AEPRulesEngine",
        "repositoryURL": "https://github.com/adobe/aepsdk-rulesengine-ios.git",
        "state": {
          "branch": "main",
          "revision": "1e270654b330b9f07a6b1ec374e686f2e631e039",
          "version": null
        }
      }
    ]
  },
  "version": 1
}
