PODS:
  - AEPCore (3.2.2):
    - AEPRulesEngine (= 1.0.1)
    - AEPServices (= 3.2.2)
  - AEPIdentity (3.2.2):
    - AEPCore (= 3.2.2)
  - AEPLifecycle (3.2.2):
    - AEPCore (= 3.2.2)
  - AEPRulesEngine (1.0.1)
  - AEPServices (3.2.2)

DEPENDENCIES:
  - AEPCore
  - AEPIdentity
  - AEPLifecycle
  - AEPRulesEngine
  - AEPServices

SPEC REPOS:
  https://github.com/CocoaPods/Specs.git:
    - AEPCore
    - AEPIdentity
    - AEPLifecycle
    - AEPRulesEngine
    - AEPServices

SPEC CHECKSUMS:
  AEPCore: 1f15da7f4c843b8aa61c54486b7c5b85378187af
  AEPIdentity: bdc78eb093c20d259bb3b7d79d7e0b75f30cff2e
  AEPLifecycle: 54602c05131fd479b292cad24a62ab9f92509908
  AEPRulesEngine: 5075ed294026a12e37bd26fe260f74604d205354
  AEPServices: 8072b031649fea7ffd971e4e185f271dee3707fc

PODFILE CHECKSUM: 00ef2872c0b4fc1ae3c2db553ad1c73e8189d329

COCOAPODS: 1.10.1
