PODS:
  - AEPCore (3.0.0-beta.1):
    - AEPRulesEngine
    - AEPServices
  - AEPIdentity (3.0.0-beta.1):
    - AEPCore
  - AEPRulesEngine (0.0.1)
  - AEPServices (3.0.0-beta.1)

DEPENDENCIES:
  - AEPCore (from `https://github.com/adobe/aepsdk-core-ios.git`, branch `main`)
  - AEPIdentity (from `https://github.com/adobe/aepsdk-core-ios.git`, branch `main`)
  - AEPRulesEngine (from `https://github.com/adobe/aepsdk-rulesengine-ios.git`, branch `main`)
  - AEPServices (from `https://github.com/adobe/aepsdk-core-ios.git`, branch `main`)

EXTERNAL SOURCES:
  AEPCore:
    :branch: main
    :git: https://github.com/adobe/aepsdk-core-ios.git
  AEPIdentity:
    :branch: main
    :git: https://github.com/adobe/aepsdk-core-ios.git
  AEPRulesEngine:
    :branch: main
    :git: https://github.com/adobe/aepsdk-rulesengine-ios.git
  AEPServices:
    :branch: main
    :git: https://github.com/adobe/aepsdk-core-ios.git

CHECKOUT OPTIONS:
  AEPCore:
    :commit: 70d941c71e9d1b5fac6b525618cfdc4af4514d03
    :git: https://github.com/adobe/aepsdk-core-ios.git
  AEPIdentity:
    :commit: 70d941c71e9d1b5fac6b525618cfdc4af4514d03
    :git: https://github.com/adobe/aepsdk-core-ios.git
  AEPRulesEngine:
    :commit: 7f2b7ec53048212d3507bcd15b4aa6262143758f
    :git: https://github.com/adobe/aepsdk-rulesengine-ios.git
  AEPServices:
    :commit: 70d941c71e9d1b5fac6b525618cfdc4af4514d03
    :git: https://github.com/adobe/aepsdk-core-ios.git

SPEC CHECKSUMS:
  AEPCore: d4b8b2ac2d5d91ea11c4535bc574bb31e684b83c
  AEPIdentity: 1b726ffc2fe131f444cd24388eb19aaa5a1e9a6a
  AEPRulesEngine: 5742652bd7ab65aa7325f731725d995947e41db8
  AEPServices: d5c727ccaba06c0e7149b7bf4baebcd5f5c0f7e8

PODFILE CHECKSUM: 17d0735a6183902367da9fc834d0cca7ab2cbd56

COCOAPODS: 1.9.3
