PODS:
  - AEPCore (5.1.0):
    - AEPRulesEngine (< 6.0.0, >= 5.0.0)
    - AEPServices (< 6.0.0, >= 5.1.0)
  - AEPIdentity (5.1.0):
    - AEPCore (< 6.0.0, >= 5.1.0)
  - AEPLifecycle (5.1.0):
    - AEPCore (< 6.0.0, >= 5.1.0)
  - AEPRulesEngine (5.0.0)
  - AEPServices (5.1.0)
  - SwiftLint (0.52.0)

DEPENDENCIES:
  - AEPCore
  - AEPIdentity
  - AEPLifecycle
  - AEPRulesEngine
  - AEPServices
  - SwiftLint (= 0.52.0)

SPEC REPOS:
  trunk:
    - AEPCore
    - AEPIdentity
    - AEPLifecycle
    - AEPRulesEngine
    - AEPServices
    - SwiftLint

SPEC CHECKSUMS:
  AEPCore: 55489e1c4e48a88659055f8e96290f2cccce9747
  AEPIdentity: 82d522263af982a6aa8a6c792c0a872d68d9b638
  AEPLifecycle: 5312ce2eda5b80fa704271421d81cfada765156d
  AEPRulesEngine: fe5800653a4bee07b1e41e61b4d5551f0dba557b
  AEPServices: c38b809c32336f10f773525e65c71a949abe54a7
  SwiftLint: 13280e21cdda6786ad908dc6e416afe5acd1fcb7

PODFILE CHECKSUM: 93674eb6bd266ce5c0635278c74cc8c849eb8608

COCOAPODS: 1.13.0
